{
  "name": "testing",
  "version": "1.0.0",
  "lockfileVersion": 2,
  "requires": true,
  "packages": {
    "": {
      "name": "testing",
      "version": "1.0.0",
      "license": "ISC",
      "dependencies": {
        "chift": "file:.."
      }
    },
    "..": {
      "name": "chift",
      "version": "1.0.0",
      "license": "ISC",
      "dependencies": {
        "axios": "^1.3.4"
      },
      "devDependencies": {
        "@typescript-eslint/eslint-plugin": "^5.53.0",
        "eslint": "^8.34.0",
        "eslint-config-prettier": "^8.6.0",
        "eslint-config-standard-with-typescript": "^34.0.0",
        "eslint-plugin-import": "^2.27.5",
        "eslint-plugin-n": "^15.6.1",
        "eslint-plugin-prettier": "^4.2.1",
        "eslint-plugin-promise": "^6.1.1",
        "prettier": "^2.8.4",
        "typescript": "^4.9.5"
      }
    },
    "node_modules/chift": {
      "resolved": "..",
      "link": true
    }
  },
  "dependencies": {
    "chift": {
      "version": "file:..",
      "requires": {
        "@typescript-eslint/eslint-plugin": "^5.53.0",
        "axios": "^1.3.4",
        "eslint": "^8.34.0",
        "eslint-config-prettier": "^8.6.0",
        "eslint-config-standard-with-typescript": "^34.0.0",
        "eslint-plugin-import": "^2.27.5",
        "eslint-plugin-n": "^15.6.1",
        "eslint-plugin-prettier": "^4.2.1",
        "eslint-plugin-promise": "^6.1.1",
        "prettier": "^2.8.4",
        "typescript": "^4.9.5"
      }
    }
  }
}
